
Microsoft Visual Studio Solution File, Format Version 12.00
# Visual Studio 15
VisualStudioVersion = 15.0.26430.16
MinimumVisualStudioVersion = 10.0.40219.1
Project("{FAE04EC0-301F-11D3-BF4B-00C04F79EFBC}") = "CommunicationMonitoring", "CommunicationMonitoring\CommunicationMonitoring.csproj", "{CC238855-2D20-4757-8079-52F4507BF197}"
EndProject
Project("{FAE04EC0-301F-11D3-BF4B-00C04F79EFBC}") = "SerialMonitor", "SerialMonitor\SerialMonitor.csproj", "{F7E2E9DE-064D-4FC6-9EB6-902DDD8AF47F}"
EndProject
Project("{FAE04EC0-301F-11D3-BF4B-00C04F79EFBC}") = "SocketMonitor", "TcpMonitor\SocketMonitor.csproj", "{F95E11B6-C3D9-408C-95A8-E6EEE4B031D6}"
EndProject
Project("{FAE04EC0-301F-11D3-BF4B-00C04F79EFBC}") = "VirtualSerialMonitor", "VirtualSerialMonitor\VirtualSerialMonitor.csproj", "{58E4F85C-4C6E-4796-BB72-49D02C036867}"
EndProject
Project("{FAE04EC0-301F-11D3-BF4B-00C04F79EFBC}") = "RegisterVSPort", "RegisterVSPort\RegisterVSPort.csproj", "{CD138149-5526-47E3-BD59-66263773AB6B}"
EndProject
Project("{FAE04EC0-301F-11D3-BF4B-00C04F79EFBC}") = "WinformException", "WinformException\WinformException.csproj", "{80924B2A-956D-4A88-866E-7A4254BDA199}"
EndProject
Project("{FAE04EC0-301F-11D3-BF4B-00C04F79EFBC}") = "LanguageResource", "LanguageResource\LanguageResource.csproj", "{49D59A80-5F0E-4D27-ABC9-75E57D6E59E6}"
EndProject
Project("{FAE04EC0-301F-11D3-BF4B-00C04F79EFBC}") = "BasicShow", "BasicShow\BasicShow.csproj", "{75155288-A9B0-4AF7-9AC1-FF031EADC87B}"
	ProjectSection(ProjectDependencies) = postProject
		{27C68B10-43FA-41E1-BE75-003454159736} = {27C68B10-43FA-41E1-BE75-003454159736}
		{C918233D-01A9-4A0C-9AA6-ED0A0EFBBB20} = {C918233D-01A9-4A0C-9AA6-ED0A0EFBBB20}
	EndProjectSection
EndProject
Project("{FAE04EC0-301F-11D3-BF4B-00C04F79EFBC}") = "BasicSerialService", "BasicSerialService\BasicSerialService.csproj", "{64ACC54B-5827-428F-89BE-D38FF7706122}"
EndProject
Project("{FAE04EC0-301F-11D3-BF4B-00C04F79EFBC}") = "VirtualSerialService", "VirtualSerialService\VirtualSerialService.csproj", "{96171E2A-3EAD-4BE0-8E83-A4950A40B003}"
EndProject
Project("{2150E333-8FDC-42A3-9474-1A3956D46DE8}") = "OLD", "OLD", "{A06E40F4-043A-4E0E-BCE1-CAB73055491E}"
EndProject
Project("{FAE04EC0-301F-11D3-BF4B-00C04F79EFBC}") = "InterfaceLink", "InterfaceLink\InterfaceLink.csproj", "{4FA71D55-85AB-489D-A371-D61C08608555}"
EndProject
Project("{FAE04EC0-301F-11D3-BF4B-00C04F79EFBC}") = "GeneralSerialService", "GeneralSerialService\GeneralSerialService.csproj", "{D2D69F61-084D-4B55-83A0-142E9938FF39}"
EndProject
Project("{FAE04EC0-301F-11D3-BF4B-00C04F79EFBC}") = "BasicSocketServer", "BasicSocketServer\BasicSocketServer.csproj", "{27C68B10-43FA-41E1-BE75-003454159736}"
EndProject
Project("{FAE04EC0-301F-11D3-BF4B-00C04F79EFBC}") = "BasicSocketClient", "BasicSocketClient\BasicSocketClient.csproj", "{C918233D-01A9-4A0C-9AA6-ED0A0EFBBB20}"
EndProject
Global
	GlobalSection(SolutionConfigurationPlatforms) = preSolution
		Debug|Any CPU = Debug|Any CPU
		Debug|ARM = Debug|ARM
		Debug|x64 = Debug|x64
		Debug|x86 = Debug|x86
		Release|Any CPU = Release|Any CPU
		Release|ARM = Release|ARM
		Release|x64 = Release|x64
		Release|x86 = Release|x86
	EndGlobalSection
	GlobalSection(ProjectConfigurationPlatforms) = postSolution
		{CC238855-2D20-4757-8079-52F4507BF197}.Debug|Any CPU.ActiveCfg = Debug|Any CPU
		{CC238855-2D20-4757-8079-52F4507BF197}.Debug|Any CPU.Build.0 = Debug|Any CPU
		{CC238855-2D20-4757-8079-52F4507BF197}.Debug|ARM.ActiveCfg = Debug|Any CPU
		{CC238855-2D20-4757-8079-52F4507BF197}.Debug|ARM.Build.0 = Debug|Any CPU
		{CC238855-2D20-4757-8079-52F4507BF197}.Debug|x64.ActiveCfg = Debug|Any CPU
		{CC238855-2D20-4757-8079-52F4507BF197}.Debug|x64.Build.0 = Debug|Any CPU
		{CC238855-2D20-4757-8079-52F4507BF197}.Debug|x86.ActiveCfg = Debug|Any CPU
		{CC238855-2D20-4757-8079-52F4507BF197}.Debug|x86.Build.0 = Debug|Any CPU
		{CC238855-2D20-4757-8079-52F4507BF197}.Release|Any CPU.ActiveCfg = Release|Any CPU
		{CC238855-2D20-4757-8079-52F4507BF197}.Release|Any CPU.Build.0 = Release|Any CPU
		{CC238855-2D20-4757-8079-52F4507BF197}.Release|ARM.ActiveCfg = Release|Any CPU
		{CC238855-2D20-4757-8079-52F4507BF197}.Release|ARM.Build.0 = Release|Any CPU
		{CC238855-2D20-4757-8079-52F4507BF197}.Release|x64.ActiveCfg = Release|Any CPU
		{CC238855-2D20-4757-8079-52F4507BF197}.Release|x64.Build.0 = Release|Any CPU
		{CC238855-2D20-4757-8079-52F4507BF197}.Release|x86.ActiveCfg = Release|Any CPU
		{CC238855-2D20-4757-8079-52F4507BF197}.Release|x86.Build.0 = Release|Any CPU
		{F7E2E9DE-064D-4FC6-9EB6-902DDD8AF47F}.Debug|Any CPU.ActiveCfg = Debug|Any CPU
		{F7E2E9DE-064D-4FC6-9EB6-902DDD8AF47F}.Debug|Any CPU.Build.0 = Debug|Any CPU
		{F7E2E9DE-064D-4FC6-9EB6-902DDD8AF47F}.Debug|ARM.ActiveCfg = Debug|Any CPU
		{F7E2E9DE-064D-4FC6-9EB6-902DDD8AF47F}.Debug|ARM.Build.0 = Debug|Any CPU
		{F7E2E9DE-064D-4FC6-9EB6-902DDD8AF47F}.Debug|x64.ActiveCfg = Debug|Any CPU
		{F7E2E9DE-064D-4FC6-9EB6-902DDD8AF47F}.Debug|x64.Build.0 = Debug|Any CPU
		{F7E2E9DE-064D-4FC6-9EB6-902DDD8AF47F}.Debug|x86.ActiveCfg = Debug|Any CPU
		{F7E2E9DE-064D-4FC6-9EB6-902DDD8AF47F}.Debug|x86.Build.0 = Debug|Any CPU
		{F7E2E9DE-064D-4FC6-9EB6-902DDD8AF47F}.Release|Any CPU.ActiveCfg = Release|Any CPU
		{F7E2E9DE-064D-4FC6-9EB6-902DDD8AF47F}.Release|Any CPU.Build.0 = Release|Any CPU
		{F7E2E9DE-064D-4FC6-9EB6-902DDD8AF47F}.Release|ARM.ActiveCfg = Release|Any CPU
		{F7E2E9DE-064D-4FC6-9EB6-902DDD8AF47F}.Release|ARM.Build.0 = Release|Any CPU
		{F7E2E9DE-064D-4FC6-9EB6-902DDD8AF47F}.Release|x64.ActiveCfg = Release|Any CPU
		{F7E2E9DE-064D-4FC6-9EB6-902DDD8AF47F}.Release|x64.Build.0 = Release|Any CPU
		{F7E2E9DE-064D-4FC6-9EB6-902DDD8AF47F}.Release|x86.ActiveCfg = Release|Any CPU
		{F7E2E9DE-064D-4FC6-9EB6-902DDD8AF47F}.Release|x86.Build.0 = Release|Any CPU
		{F95E11B6-C3D9-408C-95A8-E6EEE4B031D6}.Debug|Any CPU.ActiveCfg = Debug|Any CPU
		{F95E11B6-C3D9-408C-95A8-E6EEE4B031D6}.Debug|Any CPU.Build.0 = Debug|Any CPU
		{F95E11B6-C3D9-408C-95A8-E6EEE4B031D6}.Debug|ARM.ActiveCfg = Debug|Any CPU
		{F95E11B6-C3D9-408C-95A8-E6EEE4B031D6}.Debug|ARM.Build.0 = Debug|Any CPU
		{F95E11B6-C3D9-408C-95A8-E6EEE4B031D6}.Debug|x64.ActiveCfg = Debug|Any CPU
		{F95E11B6-C3D9-408C-95A8-E6EEE4B031D6}.Debug|x64.Build.0 = Debug|Any CPU
		{F95E11B6-C3D9-408C-95A8-E6EEE4B031D6}.Debug|x86.ActiveCfg = Debug|Any CPU
		{F95E11B6-C3D9-408C-95A8-E6EEE4B031D6}.Debug|x86.Build.0 = Debug|Any CPU
		{F95E11B6-C3D9-408C-95A8-E6EEE4B031D6}.Release|Any CPU.ActiveCfg = Release|Any CPU
		{F95E11B6-C3D9-408C-95A8-E6EEE4B031D6}.Release|Any CPU.Build.0 = Release|Any CPU
		{F95E11B6-C3D9-408C-95A8-E6EEE4B031D6}.Release|ARM.ActiveCfg = Release|Any CPU
		{F95E11B6-C3D9-408C-95A8-E6EEE4B031D6}.Release|ARM.Build.0 = Release|Any CPU
		{F95E11B6-C3D9-408C-95A8-E6EEE4B031D6}.Release|x64.ActiveCfg = Release|Any CPU
		{F95E11B6-C3D9-408C-95A8-E6EEE4B031D6}.Release|x64.Build.0 = Release|Any CPU
		{F95E11B6-C3D9-408C-95A8-E6EEE4B031D6}.Release|x86.ActiveCfg = Release|Any CPU
		{F95E11B6-C3D9-408C-95A8-E6EEE4B031D6}.Release|x86.Build.0 = Release|Any CPU
		{58E4F85C-4C6E-4796-BB72-49D02C036867}.Debug|Any CPU.ActiveCfg = Debug|Any CPU
		{58E4F85C-4C6E-4796-BB72-49D02C036867}.Debug|Any CPU.Build.0 = Debug|Any CPU
		{58E4F85C-4C6E-4796-BB72-49D02C036867}.Debug|ARM.ActiveCfg = Debug|Any CPU
		{58E4F85C-4C6E-4796-BB72-49D02C036867}.Debug|ARM.Build.0 = Debug|Any CPU
		{58E4F85C-4C6E-4796-BB72-49D02C036867}.Debug|x64.ActiveCfg = Debug|Any CPU
		{58E4F85C-4C6E-4796-BB72-49D02C036867}.Debug|x64.Build.0 = Debug|Any CPU
		{58E4F85C-4C6E-4796-BB72-49D02C036867}.Debug|x86.ActiveCfg = Debug|Any CPU
		{58E4F85C-4C6E-4796-BB72-49D02C036867}.Debug|x86.Build.0 = Debug|Any CPU
		{58E4F85C-4C6E-4796-BB72-49D02C036867}.Release|Any CPU.ActiveCfg = Release|Any CPU
		{58E4F85C-4C6E-4796-BB72-49D02C036867}.Release|Any CPU.Build.0 = Release|Any CPU
		{58E4F85C-4C6E-4796-BB72-49D02C036867}.Release|ARM.ActiveCfg = Release|Any CPU
		{58E4F85C-4C6E-4796-BB72-49D02C036867}.Release|ARM.Build.0 = Release|Any CPU
		{58E4F85C-4C6E-4796-BB72-49D02C036867}.Release|x64.ActiveCfg = Release|Any CPU
		{58E4F85C-4C6E-4796-BB72-49D02C036867}.Release|x64.Build.0 = Release|Any CPU
		{58E4F85C-4C6E-4796-BB72-49D02C036867}.Release|x86.ActiveCfg = Release|Any CPU
		{58E4F85C-4C6E-4796-BB72-49D02C036867}.Release|x86.Build.0 = Release|Any CPU
		{CD138149-5526-47E3-BD59-66263773AB6B}.Debug|Any CPU.ActiveCfg = Debug|Any CPU
		{CD138149-5526-47E3-BD59-66263773AB6B}.Debug|Any CPU.Build.0 = Debug|Any CPU
		{CD138149-5526-47E3-BD59-66263773AB6B}.Debug|ARM.ActiveCfg = Debug|Any CPU
		{CD138149-5526-47E3-BD59-66263773AB6B}.Debug|ARM.Build.0 = Debug|Any CPU
		{CD138149-5526-47E3-BD59-66263773AB6B}.Debug|x64.ActiveCfg = Debug|Any CPU
		{CD138149-5526-47E3-BD59-66263773AB6B}.Debug|x64.Build.0 = Debug|Any CPU
		{CD138149-5526-47E3-BD59-66263773AB6B}.Debug|x86.ActiveCfg = Debug|Any CPU
		{CD138149-5526-47E3-BD59-66263773AB6B}.Debug|x86.Build.0 = Debug|Any CPU
		{CD138149-5526-47E3-BD59-66263773AB6B}.Release|Any CPU.ActiveCfg = Release|Any CPU
		{CD138149-5526-47E3-BD59-66263773AB6B}.Release|Any CPU.Build.0 = Release|Any CPU
		{CD138149-5526-47E3-BD59-66263773AB6B}.Release|ARM.ActiveCfg = Release|Any CPU
		{CD138149-5526-47E3-BD59-66263773AB6B}.Release|ARM.Build.0 = Release|Any CPU
		{CD138149-5526-47E3-BD59-66263773AB6B}.Release|x64.ActiveCfg = Release|Any CPU
		{CD138149-5526-47E3-BD59-66263773AB6B}.Release|x64.Build.0 = Release|Any CPU
		{CD138149-5526-47E3-BD59-66263773AB6B}.Release|x86.ActiveCfg = Release|Any CPU
		{CD138149-5526-47E3-BD59-66263773AB6B}.Release|x86.Build.0 = Release|Any CPU
		{80924B2A-956D-4A88-866E-7A4254BDA199}.Debug|Any CPU.ActiveCfg = Debug|Any CPU
		{80924B2A-956D-4A88-866E-7A4254BDA199}.Debug|Any CPU.Build.0 = Debug|Any CPU
		{80924B2A-956D-4A88-866E-7A4254BDA199}.Debug|ARM.ActiveCfg = Debug|Any CPU
		{80924B2A-956D-4A88-866E-7A4254BDA199}.Debug|ARM.Build.0 = Debug|Any CPU
		{80924B2A-956D-4A88-866E-7A4254BDA199}.Debug|x64.ActiveCfg = Debug|Any CPU
		{80924B2A-956D-4A88-866E-7A4254BDA199}.Debug|x64.Build.0 = Debug|Any CPU
		{80924B2A-956D-4A88-866E-7A4254BDA199}.Debug|x86.ActiveCfg = Debug|Any CPU
		{80924B2A-956D-4A88-866E-7A4254BDA199}.Debug|x86.Build.0 = Debug|Any CPU
		{80924B2A-956D-4A88-866E-7A4254BDA199}.Release|Any CPU.ActiveCfg = Release|Any CPU
		{80924B2A-956D-4A88-866E-7A4254BDA199}.Release|Any CPU.Build.0 = Release|Any CPU
		{80924B2A-956D-4A88-866E-7A4254BDA199}.Release|ARM.ActiveCfg = Release|Any CPU
		{80924B2A-956D-4A88-866E-7A4254BDA199}.Release|ARM.Build.0 = Release|Any CPU
		{80924B2A-956D-4A88-866E-7A4254BDA199}.Release|x64.ActiveCfg = Release|Any CPU
		{80924B2A-956D-4A88-866E-7A4254BDA199}.Release|x64.Build.0 = Release|Any CPU
		{80924B2A-956D-4A88-866E-7A4254BDA199}.Release|x86.ActiveCfg = Release|Any CPU
		{80924B2A-956D-4A88-866E-7A4254BDA199}.Release|x86.Build.0 = Release|Any CPU
		{49D59A80-5F0E-4D27-ABC9-75E57D6E59E6}.Debug|Any CPU.ActiveCfg = Debug|Any CPU
		{49D59A80-5F0E-4D27-ABC9-75E57D6E59E6}.Debug|Any CPU.Build.0 = Debug|Any CPU
		{49D59A80-5F0E-4D27-ABC9-75E57D6E59E6}.Debug|ARM.ActiveCfg = Debug|Any CPU
		{49D59A80-5F0E-4D27-ABC9-75E57D6E59E6}.Debug|ARM.Build.0 = Debug|Any CPU
		{49D59A80-5F0E-4D27-ABC9-75E57D6E59E6}.Debug|x64.ActiveCfg = Debug|Any CPU
		{49D59A80-5F0E-4D27-ABC9-75E57D6E59E6}.Debug|x64.Build.0 = Debug|Any CPU
		{49D59A80-5F0E-4D27-ABC9-75E57D6E59E6}.Debug|x86.ActiveCfg = Debug|Any CPU
		{49D59A80-5F0E-4D27-ABC9-75E57D6E59E6}.Debug|x86.Build.0 = Debug|Any CPU
		{49D59A80-5F0E-4D27-ABC9-75E57D6E59E6}.Release|Any CPU.ActiveCfg = Release|Any CPU
		{49D59A80-5F0E-4D27-ABC9-75E57D6E59E6}.Release|Any CPU.Build.0 = Release|Any CPU
		{49D59A80-5F0E-4D27-ABC9-75E57D6E59E6}.Release|ARM.ActiveCfg = Release|Any CPU
		{49D59A80-5F0E-4D27-ABC9-75E57D6E59E6}.Release|ARM.Build.0 = Release|Any CPU
		{49D59A80-5F0E-4D27-ABC9-75E57D6E59E6}.Release|x64.ActiveCfg = Release|Any CPU
		{49D59A80-5F0E-4D27-ABC9-75E57D6E59E6}.Release|x64.Build.0 = Release|Any CPU
		{49D59A80-5F0E-4D27-ABC9-75E57D6E59E6}.Release|x86.ActiveCfg = Release|Any CPU
		{49D59A80-5F0E-4D27-ABC9-75E57D6E59E6}.Release|x86.Build.0 = Release|Any CPU
		{75155288-A9B0-4AF7-9AC1-FF031EADC87B}.Debug|Any CPU.ActiveCfg = Debug|Any CPU
		{75155288-A9B0-4AF7-9AC1-FF031EADC87B}.Debug|Any CPU.Build.0 = Debug|Any CPU
		{75155288-A9B0-4AF7-9AC1-FF031EADC87B}.Debug|ARM.ActiveCfg = Debug|Any CPU
		{75155288-A9B0-4AF7-9AC1-FF031EADC87B}.Debug|ARM.Build.0 = Debug|Any CPU
		{75155288-A9B0-4AF7-9AC1-FF031EADC87B}.Debug|x64.ActiveCfg = Debug|Any CPU
		{75155288-A9B0-4AF7-9AC1-FF031EADC87B}.Debug|x64.Build.0 = Debug|Any CPU
		{75155288-A9B0-4AF7-9AC1-FF031EADC87B}.Debug|x86.ActiveCfg = Debug|Any CPU
		{75155288-A9B0-4AF7-9AC1-FF031EADC87B}.Debug|x86.Build.0 = Debug|Any CPU
		{75155288-A9B0-4AF7-9AC1-FF031EADC87B}.Release|Any CPU.ActiveCfg = Release|Any CPU
		{75155288-A9B0-4AF7-9AC1-FF031EADC87B}.Release|Any CPU.Build.0 = Release|Any CPU
		{75155288-A9B0-4AF7-9AC1-FF031EADC87B}.Release|ARM.ActiveCfg = Release|Any CPU
		{75155288-A9B0-4AF7-9AC1-FF031EADC87B}.Release|ARM.Build.0 = Release|Any CPU
		{75155288-A9B0-4AF7-9AC1-FF031EADC87B}.Release|x64.ActiveCfg = Release|Any CPU
		{75155288-A9B0-4AF7-9AC1-FF031EADC87B}.Release|x64.Build.0 = Release|Any CPU
		{75155288-A9B0-4AF7-9AC1-FF031EADC87B}.Release|x86.ActiveCfg = Release|Any CPU
		{75155288-A9B0-4AF7-9AC1-FF031EADC87B}.Release|x86.Build.0 = Release|Any CPU
		{64ACC54B-5827-428F-89BE-D38FF7706122}.Debug|Any CPU.ActiveCfg = Debug|Any CPU
		{64ACC54B-5827-428F-89BE-D38FF7706122}.Debug|Any CPU.Build.0 = Debug|Any CPU
		{64ACC54B-5827-428F-89BE-D38FF7706122}.Debug|ARM.ActiveCfg = Debug|Any CPU
		{64ACC54B-5827-428F-89BE-D38FF7706122}.Debug|ARM.Build.0 = Debug|Any CPU
		{64ACC54B-5827-428F-89BE-D38FF7706122}.Debug|x64.ActiveCfg = Debug|Any CPU
		{64ACC54B-5827-428F-89BE-D38FF7706122}.Debug|x64.Build.0 = Debug|Any CPU
		{64ACC54B-5827-428F-89BE-D38FF7706122}.Debug|x86.ActiveCfg = Debug|Any CPU
		{64ACC54B-5827-428F-89BE-D38FF7706122}.Debug|x86.Build.0 = Debug|Any CPU
		{64ACC54B-5827-428F-89BE-D38FF7706122}.Release|Any CPU.ActiveCfg = Release|Any CPU
		{64ACC54B-5827-428F-89BE-D38FF7706122}.Release|Any CPU.Build.0 = Release|Any CPU
		{64ACC54B-5827-428F-89BE-D38FF7706122}.Release|ARM.ActiveCfg = Release|Any CPU
		{64ACC54B-5827-428F-89BE-D38FF7706122}.Release|ARM.Build.0 = Release|Any CPU
		{64ACC54B-5827-428F-89BE-D38FF7706122}.Release|x64.ActiveCfg = Release|Any CPU
		{64ACC54B-5827-428F-89BE-D38FF7706122}.Release|x64.Build.0 = Release|Any CPU
		{64ACC54B-5827-428F-89BE-D38FF7706122}.Release|x86.ActiveCfg = Release|Any CPU
		{64ACC54B-5827-428F-89BE-D38FF7706122}.Release|x86.Build.0 = Release|Any CPU
		{96171E2A-3EAD-4BE0-8E83-A4950A40B003}.Debug|Any CPU.ActiveCfg = Debug|Any CPU
		{96171E2A-3EAD-4BE0-8E83-A4950A40B003}.Debug|Any CPU.Build.0 = Debug|Any CPU
		{96171E2A-3EAD-4BE0-8E83-A4950A40B003}.Debug|ARM.ActiveCfg = Debug|Any CPU
		{96171E2A-3EAD-4BE0-8E83-A4950A40B003}.Debug|ARM.Build.0 = Debug|Any CPU
		{96171E2A-3EAD-4BE0-8E83-A4950A40B003}.Debug|x64.ActiveCfg = Debug|Any CPU
		{96171E2A-3EAD-4BE0-8E83-A4950A40B003}.Debug|x64.Build.0 = Debug|Any CPU
		{96171E2A-3EAD-4BE0-8E83-A4950A40B003}.Debug|x86.ActiveCfg = Debug|Any CPU
		{96171E2A-3EAD-4BE0-8E83-A4950A40B003}.Debug|x86.Build.0 = Debug|Any CPU
		{96171E2A-3EAD-4BE0-8E83-A4950A40B003}.Release|Any CPU.ActiveCfg = Release|Any CPU
		{96171E2A-3EAD-4BE0-8E83-A4950A40B003}.Release|Any CPU.Build.0 = Release|Any CPU
		{96171E2A-3EAD-4BE0-8E83-A4950A40B003}.Release|ARM.ActiveCfg = Release|Any CPU
		{96171E2A-3EAD-4BE0-8E83-A4950A40B003}.Release|ARM.Build.0 = Release|Any CPU
		{96171E2A-3EAD-4BE0-8E83-A4950A40B003}.Release|x64.ActiveCfg = Release|Any CPU
		{96171E2A-3EAD-4BE0-8E83-A4950A40B003}.Release|x64.Build.0 = Release|Any CPU
		{96171E2A-3EAD-4BE0-8E83-A4950A40B003}.Release|x86.ActiveCfg = Release|Any CPU
		{96171E2A-3EAD-4BE0-8E83-A4950A40B003}.Release|x86.Build.0 = Release|Any CPU
		{4FA71D55-85AB-489D-A371-D61C08608555}.Debug|Any CPU.ActiveCfg = Debug|Any CPU
		{4FA71D55-85AB-489D-A371-D61C08608555}.Debug|Any CPU.Build.0 = Debug|Any CPU
		{4FA71D55-85AB-489D-A371-D61C08608555}.Debug|ARM.ActiveCfg = Debug|Any CPU
		{4FA71D55-85AB-489D-A371-D61C08608555}.Debug|ARM.Build.0 = Debug|Any CPU
		{4FA71D55-85AB-489D-A371-D61C08608555}.Debug|x64.ActiveCfg = Debug|Any CPU
		{4FA71D55-85AB-489D-A371-D61C08608555}.Debug|x64.Build.0 = Debug|Any CPU
		{4FA71D55-85AB-489D-A371-D61C08608555}.Debug|x86.ActiveCfg = Debug|Any CPU
		{4FA71D55-85AB-489D-A371-D61C08608555}.Debug|x86.Build.0 = Debug|Any CPU
		{4FA71D55-85AB-489D-A371-D61C08608555}.Release|Any CPU.ActiveCfg = Release|Any CPU
		{4FA71D55-85AB-489D-A371-D61C08608555}.Release|Any CPU.Build.0 = Release|Any CPU
		{4FA71D55-85AB-489D-A371-D61C08608555}.Release|ARM.ActiveCfg = Release|Any CPU
		{4FA71D55-85AB-489D-A371-D61C08608555}.Release|ARM.Build.0 = Release|Any CPU
		{4FA71D55-85AB-489D-A371-D61C08608555}.Release|x64.ActiveCfg = Release|Any CPU
		{4FA71D55-85AB-489D-A371-D61C08608555}.Release|x64.Build.0 = Release|Any CPU
		{4FA71D55-85AB-489D-A371-D61C08608555}.Release|x86.ActiveCfg = Release|Any CPU
		{4FA71D55-85AB-489D-A371-D61C08608555}.Release|x86.Build.0 = Release|Any CPU
		{D2D69F61-084D-4B55-83A0-142E9938FF39}.Debug|Any CPU.ActiveCfg = Debug|Any CPU
		{D2D69F61-084D-4B55-83A0-142E9938FF39}.Debug|Any CPU.Build.0 = Debug|Any CPU
		{D2D69F61-084D-4B55-83A0-142E9938FF39}.Debug|ARM.ActiveCfg = Debug|Any CPU
		{D2D69F61-084D-4B55-83A0-142E9938FF39}.Debug|ARM.Build.0 = Debug|Any CPU
		{D2D69F61-084D-4B55-83A0-142E9938FF39}.Debug|x64.ActiveCfg = Debug|Any CPU
		{D2D69F61-084D-4B55-83A0-142E9938FF39}.Debug|x64.Build.0 = Debug|Any CPU
		{D2D69F61-084D-4B55-83A0-142E9938FF39}.Debug|x86.ActiveCfg = Debug|Any CPU
		{D2D69F61-084D-4B55-83A0-142E9938FF39}.Debug|x86.Build.0 = Debug|Any CPU
		{D2D69F61-084D-4B55-83A0-142E9938FF39}.Release|Any CPU.ActiveCfg = Release|Any CPU
		{D2D69F61-084D-4B55-83A0-142E9938FF39}.Release|Any CPU.Build.0 = Release|Any CPU
		{D2D69F61-084D-4B55-83A0-142E9938FF39}.Release|ARM.ActiveCfg = Release|Any CPU
		{D2D69F61-084D-4B55-83A0-142E9938FF39}.Release|ARM.Build.0 = Release|Any CPU
		{D2D69F61-084D-4B55-83A0-142E9938FF39}.Release|x64.ActiveCfg = Release|Any CPU
		{D2D69F61-084D-4B55-83A0-142E9938FF39}.Release|x64.Build.0 = Release|Any CPU
		{D2D69F61-084D-4B55-83A0-142E9938FF39}.Release|x86.ActiveCfg = Release|Any CPU
		{D2D69F61-084D-4B55-83A0-142E9938FF39}.Release|x86.Build.0 = Release|Any CPU
		{27C68B10-43FA-41E1-BE75-003454159736}.Debug|Any CPU.ActiveCfg = Debug|Any CPU
		{27C68B10-43FA-41E1-BE75-003454159736}.Debug|Any CPU.Build.0 = Debug|Any CPU
		{27C68B10-43FA-41E1-BE75-003454159736}.Debug|ARM.ActiveCfg = Debug|Any CPU
		{27C68B10-43FA-41E1-BE75-003454159736}.Debug|ARM.Build.0 = Debug|Any CPU
		{27C68B10-43FA-41E1-BE75-003454159736}.Debug|x64.ActiveCfg = Debug|Any CPU
		{27C68B10-43FA-41E1-BE75-003454159736}.Debug|x64.Build.0 = Debug|Any CPU
		{27C68B10-43FA-41E1-BE75-003454159736}.Debug|x86.ActiveCfg = Debug|Any CPU
		{27C68B10-43FA-41E1-BE75-003454159736}.Debug|x86.Build.0 = Debug|Any CPU
		{27C68B10-43FA-41E1-BE75-003454159736}.Release|Any CPU.ActiveCfg = Release|Any CPU
		{27C68B10-43FA-41E1-BE75-003454159736}.Release|Any CPU.Build.0 = Release|Any CPU
		{27C68B10-43FA-41E1-BE75-003454159736}.Release|ARM.ActiveCfg = Release|Any CPU
		{27C68B10-43FA-41E1-BE75-003454159736}.Release|ARM.Build.0 = Release|Any CPU
		{27C68B10-43FA-41E1-BE75-003454159736}.Release|x64.ActiveCfg = Release|Any CPU
		{27C68B10-43FA-41E1-BE75-003454159736}.Release|x64.Build.0 = Release|Any CPU
		{27C68B10-43FA-41E1-BE75-003454159736}.Release|x86.ActiveCfg = Release|Any CPU
		{27C68B10-43FA-41E1-BE75-003454159736}.Release|x86.Build.0 = Release|Any CPU
		{C918233D-01A9-4A0C-9AA6-ED0A0EFBBB20}.Debug|Any CPU.ActiveCfg = Debug|Any CPU
		{C918233D-01A9-4A0C-9AA6-ED0A0EFBBB20}.Debug|Any CPU.Build.0 = Debug|Any CPU
		{C918233D-01A9-4A0C-9AA6-ED0A0EFBBB20}.Debug|ARM.ActiveCfg = Debug|Any CPU
		{C918233D-01A9-4A0C-9AA6-ED0A0EFBBB20}.Debug|ARM.Build.0 = Debug|Any CPU
		{C918233D-01A9-4A0C-9AA6-ED0A0EFBBB20}.Debug|x64.ActiveCfg = Debug|Any CPU
		{C918233D-01A9-4A0C-9AA6-ED0A0EFBBB20}.Debug|x64.Build.0 = Debug|Any CPU
		{C918233D-01A9-4A0C-9AA6-ED0A0EFBBB20}.Debug|x86.ActiveCfg = Debug|Any CPU
		{C918233D-01A9-4A0C-9AA6-ED0A0EFBBB20}.Debug|x86.Build.0 = Debug|Any CPU
		{C918233D-01A9-4A0C-9AA6-ED0A0EFBBB20}.Release|Any CPU.ActiveCfg = Release|Any CPU
		{C918233D-01A9-4A0C-9AA6-ED0A0EFBBB20}.Release|Any CPU.Build.0 = Release|Any CPU
		{C918233D-01A9-4A0C-9AA6-ED0A0EFBBB20}.Release|ARM.ActiveCfg = Release|Any CPU
		{C918233D-01A9-4A0C-9AA6-ED0A0EFBBB20}.Release|ARM.Build.0 = Release|Any CPU
		{C918233D-01A9-4A0C-9AA6-ED0A0EFBBB20}.Release|x64.ActiveCfg = Release|Any CPU
		{C918233D-01A9-4A0C-9AA6-ED0A0EFBBB20}.Release|x64.Build.0 = Release|Any CPU
		{C918233D-01A9-4A0C-9AA6-ED0A0EFBBB20}.Release|x86.ActiveCfg = Release|Any CPU
		{C918233D-01A9-4A0C-9AA6-ED0A0EFBBB20}.Release|x86.Build.0 = Release|Any CPU
	EndGlobalSection
	GlobalSection(SolutionProperties) = preSolution
		HideSolutionNode = FALSE
	EndGlobalSection
	GlobalSection(NestedProjects) = preSolution
		{CC238855-2D20-4757-8079-52F4507BF197} = {A06E40F4-043A-4E0E-BCE1-CAB73055491E}
		{F7E2E9DE-064D-4FC6-9EB6-902DDD8AF47F} = {A06E40F4-043A-4E0E-BCE1-CAB73055491E}
		{F95E11B6-C3D9-408C-95A8-E6EEE4B031D6} = {A06E40F4-043A-4E0E-BCE1-CAB73055491E}
		{58E4F85C-4C6E-4796-BB72-49D02C036867} = {A06E40F4-043A-4E0E-BCE1-CAB73055491E}
		{CD138149-5526-47E3-BD59-66263773AB6B} = {A06E40F4-043A-4E0E-BCE1-CAB73055491E}
		{80924B2A-956D-4A88-866E-7A4254BDA199} = {A06E40F4-043A-4E0E-BCE1-CAB73055491E}
		{49D59A80-5F0E-4D27-ABC9-75E57D6E59E6} = {A06E40F4-043A-4E0E-BCE1-CAB73055491E}
	EndGlobalSection
	GlobalSection(ExtensibilityGlobals) = postSolution
		SolutionGuid = {46A06255-8572-4942-9532-D40825EDFFF2}
	EndGlobalSection
EndGlobal
